// !$*UTF8*$!
{
	archiveVersion = 1;
	classes = {
	};
	objectVersion = 46;
	objects = {

/* Begin PBXBuildFile section */
		09A85FCC1CA473FB00C7F3C8 /* main.m in Sources */ = {isa = PBXBuildFile; fileRef = 09A85FCB1CA473FB00C7F3C8 /* main.m */; };
		09A85FCF1CA473FB00C7F3C8 /* AppDelegate.m in Sources */ = {isa = PBXBuildFile; fileRef = 09A85FCE1CA473FB00C7F3C8 /* AppDelegate.m */; };
		09A85FD21CA473FB00C7F3C8 /* ViewController.m in Sources */ = {isa = PBXBuildFile; fileRef = 09A85FD11CA473FB00C7F3C8 /* ViewController.m */; };
		09A85FD51CA473FB00C7F3C8 /* Main.storyboard in Resources */ = {isa = PBXBuildFile; fileRef = 09A85FD31CA473FB00C7F3C8 /* Main.storyboard */; };
		09A85FD71CA473FB00C7F3C8 /* Assets.xcassets in Resources */ = {isa = PBXBuildFile; fileRef = 09A85FD61CA473FB00C7F3C8 /* Assets.xcassets */; };
		09A85FDA1CA473FB00C7F3C8 /* LaunchScreen.storyboard in Resources */ = {isa = PBXBuildFile; fileRef = 09A85FD81CA473FB00C7F3C8 /* LaunchScreen.storyboard */; };
		09A85FE31CA4755B00C7F3C8 /* DieLabel.m in Sources */ = {isa = PBXBuildFile; fileRef = 09A85FE21CA4755B00C7F3C8 /* DieLabel.m */; };
		68AA66571CA712100010D421 /* Player.m in Sources */ = {isa = PBXBuildFile; fileRef = 68AA66561CA712100010D421 /* Player.m */; };
		68AA665A1CA7161A0010D421 /* Game.m in Sources */ = {isa = PBXBuildFile; fileRef = 68AA66591CA7161A0010D421 /* Game.m */; };
		68AA66611CA727540010D421 /* Turn.m in Sources */ = {isa = PBXBuildFile; fileRef = 68AA66601CA727540010D421 /* Turn.m */; };
		68AA66671CA732D70010D421 /* Roll5State.m in Sources */ = {isa = PBXBuildFile; fileRef = 68AA66661CA732D70010D421 /* Roll5State.m */; };
		68AA666D1CA734370010D421 /* Roll4State.m in Sources */ = {isa = PBXBuildFile; fileRef = 68AA666C1CA734370010D421 /* Roll4State.m */; };
		68AA66701CA734A70010D421 /* Roll3State.m in Sources */ = {isa = PBXBuildFile; fileRef = 68AA666F1CA734A70010D421 /* Roll3State.m */; };
		68AA66731CA734D30010D421 /* Roll2State.m in Sources */ = {isa = PBXBuildFile; fileRef = 68AA66721CA734D30010D421 /* Roll2State.m */; };
		68AA66761CA734F10010D421 /* Roll1State.m in Sources */ = {isa = PBXBuildFile; fileRef = 68AA66751CA734F10010D421 /* Roll1State.m */; };
		68AA66791CA7357E0010D421 /* SingleDice.m in Sources */ = {isa = PBXBuildFile; fileRef = 68AA66781CA7357E0010D421 /* SingleDice.m */; };
		68AA667C1CA739590010D421 /* RollXState.m in Sources */ = {isa = PBXBuildFile; fileRef = 68AA667B1CA739590010D421 /* RollXState.m */; };
/* End PBXBuildFile section */

/* Begin PBXFileReference section */
		09A85FC71CA473FB00C7F3C8 /* Farkle.app */ = {isa = PBXFileReference; explicitFileType = wrapper.application; includeInIndex = 0; path = Farkle.app; sourceTree = BUILT_PRODUCTS_DIR; };
		09A85FCB1CA473FB00C7F3C8 /* main.m */ = {isa = PBXFileReference; lastKnownFileType = sourcecode.c.objc; path = main.m; sourceTree = "<group>"; };
		09A85FCD1CA473FB00C7F3C8 /* AppDelegate.h */ = {isa = PBXFileReference; lastKnownFileType = sourcecode.c.h; path = AppDelegate.h; sourceTree = "<group>"; };
		09A85FCE1CA473FB00C7F3C8 /* AppDelegate.m */ = {isa = PBXFileReference; lastKnownFileType = sourcecode.c.objc; path = AppDelegate.m; sourceTree = "<group>"; };
		09A85FD01CA473FB00C7F3C8 /* ViewController.h */ = {isa = PBXFileReference; lastKnownFileType = sourcecode.c.h; path = ViewController.h; sourceTree = "<group>"; };
		09A85FD11CA473FB00C7F3C8 /* ViewController.m */ = {isa = PBXFileReference; lastKnownFileType = sourcecode.c.objc; path = ViewController.m; sourceTree = "<group>"; };
		09A85FD41CA473FB00C7F3C8 /* Base */ = {isa = PBXFileReference; lastKnownFileType = file.storyboard; name = Base; path = Base.lproj/Main.storyboard; sourceTree = "<group>"; };
		09A85FD61CA473FB00C7F3C8 /* Assets.xcassets */ = {isa = PBXFileReference; lastKnownFileType = folder.assetcatalog; path = Assets.xcassets; sourceTree = "<group>"; };
		09A85FD91CA473FB00C7F3C8 /* Base */ = {isa = PBXFileReference; lastKnownFileType = file.storyboard; name = Base; path = Base.lproj/LaunchScreen.storyboard; sourceTree = "<group>"; };
		09A85FDB1CA473FB00C7F3C8 /* Info.plist */ = {isa = PBXFileReference; lastKnownFileType = text.plist.xml; path = Info.plist; sourceTree = "<group>"; };
		09A85FE11CA4755B00C7F3C8 /* DieLabel.h */ = {isa = PBXFileReference; fileEncoding = 4; lastKnownFileType = sourcecode.c.h; path = DieLabel.h; sourceTree = "<group>"; };
		09A85FE21CA4755B00C7F3C8 /* DieLabel.m */ = {isa = PBXFileReference; fileEncoding = 4; lastKnownFileType = sourcecode.c.objc; path = DieLabel.m; sourceTree = "<group>"; };
		68AA66551CA712100010D421 /* Player.h */ = {isa = PBXFileReference; fileEncoding = 4; lastKnownFileType = sourcecode.c.h; path = Player.h; sourceTree = "<group>"; };
		68AA66561CA712100010D421 /* Player.m */ = {isa = PBXFileReference; fileEncoding = 4; lastKnownFileType = sourcecode.c.objc; path = Player.m; sourceTree = "<group>"; };
		68AA66581CA7161A0010D421 /* Game.h */ = {isa = PBXFileReference; fileEncoding = 4; lastKnownFileType = sourcecode.c.h; path = Game.h; sourceTree = "<group>"; };
		68AA66591CA7161A0010D421 /* Game.m */ = {isa = PBXFileReference; fileEncoding = 4; lastKnownFileType = sourcecode.c.objc; path = Game.m; sourceTree = "<group>"; };
		68AA665F1CA727540010D421 /* Turn.h */ = {isa = PBXFileReference; fileEncoding = 4; lastKnownFileType = sourcecode.c.h; path = Turn.h; sourceTree = "<group>"; };
		68AA66601CA727540010D421 /* Turn.m */ = {isa = PBXFileReference; fileEncoding = 4; lastKnownFileType = sourcecode.c.objc; path = Turn.m; sourceTree = "<group>"; };
		68AA66651CA732D70010D421 /* Roll5State.h */ = {isa = PBXFileReference; fileEncoding = 4; lastKnownFileType = sourcecode.c.h; path = Roll5State.h; sourceTree = "<group>"; };
		68AA66661CA732D70010D421 /* Roll5State.m */ = {isa = PBXFileReference; fileEncoding = 4; lastKnownFileType = sourcecode.c.objc; path = Roll5State.m; sourceTree = "<group>"; };
		68AA66681CA733180010D421 /* TurnState.h */ = {isa = PBXFileReference; fileEncoding = 4; lastKnownFileType = sourcecode.c.h; path = TurnState.h; sourceTree = "<group>"; };
		68AA666B1CA734370010D421 /* Roll4State.h */ = {isa = PBXFileReference; fileEncoding = 4; lastKnownFileType = sourcecode.c.h; path = Roll4State.h; sourceTree = "<group>"; };
		68AA666C1CA734370010D421 /* Roll4State.m */ = {isa = PBXFileReference; fileEncoding = 4; lastKnownFileType = sourcecode.c.objc; path = Roll4State.m; sourceTree = "<group>"; };
		68AA666E1CA734A70010D421 /* Roll3State.h */ = {isa = PBXFileReference; fileEncoding = 4; lastKnownFileType = sourcecode.c.h; path = Roll3State.h; sourceTree = "<group>"; };
		68AA666F1CA734A70010D421 /* Roll3State.m */ = {isa = PBXFileReference; fileEncoding = 4; lastKnownFileType = sourcecode.c.objc; path = Roll3State.m; sourceTree = "<group>"; };
		68AA66711CA734D30010D421 /* Roll2State.h */ = {isa = PBXFileReference; fileEncoding = 4; lastKnownFileType = sourcecode.c.h; path = Roll2State.h; sourceTree = "<group>"; };
		68AA66721CA734D30010D421 /* Roll2State.m */ = {isa = PBXFileReference; fileEncoding = 4; lastKnownFileType = sourcecode.c.objc; path = Roll2State.m; sourceTree = "<group>"; };
		68AA66741CA734F10010D421 /* Roll1State.h */ = {isa = PBXFileReference; fileEncoding = 4; lastKnownFileType = sourcecode.c.h; path = Roll1State.h; sourceTree = "<group>"; };
		68AA66751CA734F10010D421 /* Roll1State.m */ = {isa = PBXFileReference; fileEncoding = 4; lastKnownFileType = sourcecode.c.objc; path = Roll1State.m; sourceTree = "<group>"; };
		68AA66771CA7357E0010D421 /* SingleDice.h */ = {isa = PBXFileReference; fileEncoding = 4; lastKnownFileType = sourcecode.c.h; path = SingleDice.h; sourceTree = "<group>"; };
		68AA66781CA7357E0010D421 /* SingleDice.m */ = {isa = PBXFileReference; fileEncoding = 4; lastKnownFileType = sourcecode.c.objc; path = SingleDice.m; sourceTree = "<group>"; };
		68AA667A1CA739590010D421 /* RollXState.h */ = {isa = PBXFileReference; fileEncoding = 4; lastKnownFileType = sourcecode.c.h; path = RollXState.h; sourceTree = "<group>"; };
		68AA667B1CA739590010D421 /* RollXState.m */ = {isa = PBXFileReference; fileEncoding = 4; lastKnownFileType = sourcecode.c.objc; path = RollXState.m; sourceTree = "<group>"; };
/* End PBXFileReference section */

/* Begin PBXFrameworksBuildPhase section */
		09A85FC41CA473FB00C7F3C8 /* Frameworks */ = {
			isa = PBXFrameworksBuildPhase;
			buildActionMask = 2147483647;
			files = (
			);
			runOnlyForDeploymentPostprocessing = 0;
		};
/* End PBXFrameworksBuildPhase section */

/* Begin PBXGroup section */
		09A85FBE1CA473FB00C7F3C8 = {
			isa = PBXGroup;
			children = (
				09A85FC81CA473FB00C7F3C8 /* Products */,
				684FEF301CA5AF4D00E27DD0 /* model */,
				68AA665E1CA7273F0010D421 /* Turn */,
				684FEF321CA5AF5900E27DD0 /* controller */,
				684FEF331CA5AF5E00E27DD0 /* support */,
				684FEF311CA5AF5400E27DD0 /* view */,
			);
			sourceTree = "<group>";
		};
		09A85FC81CA473FB00C7F3C8 /* Products */ = {
			isa = PBXGroup;
			children = (
				09A85FC71CA473FB00C7F3C8 /* Farkle.app */,
			);
			name = Products;
			sourceTree = "<group>";
		};
		684FEF301CA5AF4D00E27DD0 /* model */ = {
			isa = PBXGroup;
			children = (
				68AA66581CA7161A0010D421 /* Game.h */,
				68AA66591CA7161A0010D421 /* Game.m */,
				68AA66551CA712100010D421 /* Player.h */,
				68AA66561CA712100010D421 /* Player.m */,
			);
			path = model;
			sourceTree = "<group>";
		};
		684FEF311CA5AF5400E27DD0 /* view */ = {
			isa = PBXGroup;
			children = (
				09A85FE11CA4755B00C7F3C8 /* DieLabel.h */,
				09A85FE21CA4755B00C7F3C8 /* DieLabel.m */,
				09A85FD81CA473FB00C7F3C8 /* LaunchScreen.storyboard */,
				09A85FD31CA473FB00C7F3C8 /* Main.storyboard */,
			);
			path = view;
			sourceTree = "<group>";
		};
		684FEF321CA5AF5900E27DD0 /* controller */ = {
			isa = PBXGroup;
			children = (
				09A85FD01CA473FB00C7F3C8 /* ViewController.h */,
				09A85FD11CA473FB00C7F3C8 /* ViewController.m */,
			);
			path = controller;
			sourceTree = "<group>";
		};
		684FEF331CA5AF5E00E27DD0 /* support */ = {
			isa = PBXGroup;
			children = (
				09A85FCD1CA473FB00C7F3C8 /* AppDelegate.h */,
				09A85FCE1CA473FB00C7F3C8 /* AppDelegate.m */,
				09A85FD61CA473FB00C7F3C8 /* Assets.xcassets */,
				09A85FDB1CA473FB00C7F3C8 /* Info.plist */,
				09A85FCB1CA473FB00C7F3C8 /* main.m */,
			);
			path = support;
			sourceTree = "<group>";
		};
		68AA665E1CA7273F0010D421 /* Turn */ = {
			isa = PBXGroup;
			children = (
				68AA667A1CA739590010D421 /* RollXState.h */,
				68AA667B1CA739590010D421 /* RollXState.m */,
				68AA666E1CA734A70010D421 /* Roll3State.h */,
				68AA666F1CA734A70010D421 /* Roll3State.m */,
				68AA666B1CA734370010D421 /* Roll4State.h */,
				68AA666C1CA734370010D421 /* Roll4State.m */,
				68AA66651CA732D70010D421 /* Roll5State.h */,
				68AA66661CA732D70010D421 /* Roll5State.m */,
				68AA66771CA7357E0010D421 /* SingleDice.h */,
				68AA66781CA7357E0010D421 /* SingleDice.m */,
				68AA66681CA733180010D421 /* TurnState.h */,
				68AA665F1CA727540010D421 /* Turn.h */,
				68AA66601CA727540010D421 /* Turn.m */,
				68AA66711CA734D30010D421 /* Roll2State.h */,
				68AA66721CA734D30010D421 /* Roll2State.m */,
				68AA66741CA734F10010D421 /* Roll1State.h */,
				68AA66751CA734F10010D421 /* Roll1State.m */,
			);
			path = Turn;
			sourceTree = "<group>";
		};
/* End PBXGroup section */

/* Begin PBXNativeTarget section */
		09A85FC61CA473FB00C7F3C8 /* Farkle */ = {
			isa = PBXNativeTarget;
			buildConfigurationList = 09A85FDE1CA473FB00C7F3C8 /* Build configuration list for PBXNativeTarget "Farkle" */;
			buildPhases = (
				09A85FC31CA473FB00C7F3C8 /* Sources */,
				09A85FC41CA473FB00C7F3C8 /* Frameworks */,
				09A85FC51CA473FB00C7F3C8 /* Resources */,
			);
			buildRules = (
			);
			dependencies = (
			);
			name = Farkle;
			productName = Farkle;
			productReference = 09A85FC71CA473FB00C7F3C8 /* Farkle.app */;
			productType = "com.apple.product-type.application";
		};
/* End PBXNativeTarget section */

/* Begin PBXProject section */
		09A85FBF1CA473FB00C7F3C8 /* Project object */ = {
			isa = PBXProject;
			attributes = {
				LastUpgradeCheck = 0720;
				ORGANIZATIONNAME = Kyle;
				TargetAttributes = {
					09A85FC61CA473FB00C7F3C8 = {
						CreatedOnToolsVersion = 7.2.1;
						DevelopmentTeam = 66B8D6X2BX;
					};
				};
			};
			buildConfigurationList = 09A85FC21CA473FB00C7F3C8 /* Build configuration list for PBXProject "Farkle" */;
			compatibilityVersion = "Xcode 3.2";
			developmentRegion = English;
			hasScannedForEncodings = 0;
			knownRegions = (
				en,
				Base,
			);
			mainGroup = 09A85FBE1CA473FB00C7F3C8;
			productRefGroup = 09A85FC81CA473FB00C7F3C8 /* Products */;
			projectDirPath = "";
			projectRoot = "";
			targets = (
				09A85FC61CA473FB00C7F3C8 /* Farkle */,
			);
		};
/* End PBXProject section */

/* Begin PBXResourcesBuildPhase section */
		09A85FC51CA473FB00C7F3C8 /* Resources */ = {
			isa = PBXResourcesBuildPhase;
			buildActionMask = 2147483647;
			files = (
				09A85FDA1CA473FB00C7F3C8 /* LaunchScreen.storyboard in Resources */,
				09A85FD71CA473FB00C7F3C8 /* Assets.xcassets in Resources */,
				09A85FD51CA473FB00C7F3C8 /* Main.storyboard in Resources */,
			);
			runOnlyForDeploymentPostprocessing = 0;
		};
/* End PBXResourcesBuildPhase section */

/* Begin PBXSourcesBuildPhase section */
		09A85FC31CA473FB00C7F3C8 /* Sources */ = {
			isa = PBXSourcesBuildPhase;
			buildActionMask = 2147483647;
			files = (
				68AA66671CA732D70010D421 /* Roll5State.m in Sources */,
				68AA667C1CA739590010D421 /* RollXState.m in Sources */,
				68AA66791CA7357E0010D421 /* SingleDice.m in Sources */,
				09A85FD21CA473FB00C7F3C8 /* ViewController.m in Sources */,
				68AA66761CA734F10010D421 /* Roll1State.m in Sources */,
				68AA66611CA727540010D421 /* Turn.m in Sources */,
				68AA66731CA734D30010D421 /* Roll2State.m in Sources */,
				09A85FCF1CA473FB00C7F3C8 /* AppDelegate.m in Sources */,
				09A85FCC1CA473FB00C7F3C8 /* main.m in Sources */,
				68AA665A1CA7161A0010D421 /* Game.m in Sources */,
				68AA66701CA734A70010D421 /* Roll3State.m in Sources */,
				68AA666D1CA734370010D421 /* Roll4State.m in Sources */,
				09A85FE31CA4755B00C7F3C8 /* DieLabel.m in Sources */,
				68AA66571CA712100010D421 /* Player.m in Sources */,
			);
			runOnlyForDeploymentPostprocessing = 0;
		};
/* End PBXSourcesBuildPhase section */

/* Begin PBXVariantGroup section */
		09A85FD31CA473FB00C7F3C8 /* Main.storyboard */ = {
			isa = PBXVariantGroup;
			children = (
				09A85FD41CA473FB00C7F3C8 /* Base */,
			);
			name = Main.storyboard;
			path = .;
			sourceTree = "<group>";
		};
		09A85FD81CA473FB00C7F3C8 /* LaunchScreen.storyboard */ = {
			isa = PBXVariantGroup;
			children = (
				09A85FD91CA473FB00C7F3C8 /* Base */,
			);
			name = LaunchScreen.storyboard;
			path = .;
			sourceTree = "<group>";
		};
/* End PBXVariantGroup section */

/* Begin XCBuildConfiguration section */
		09A85FDC1CA473FB00C7F3C8 /* Debug */ = {
			isa = XCBuildConfiguration;
			buildSettings = {
				ALWAYS_SEARCH_USER_PATHS = NO;
				CLANG_CXX_LANGUAGE_STANDARD = "gnu++0x";
				CLANG_CXX_LIBRARY = "libc++";
				CLANG_ENABLE_MODULES = YES;
				CLANG_ENABLE_OBJC_ARC = YES;
				CLANG_WARN_BOOL_CONVERSION = YES;
				CLANG_WARN_CONSTANT_CONVERSION = YES;
				CLANG_WARN_DIRECT_OBJC_ISA_USAGE = YES_ERROR;
				CLANG_WARN_EMPTY_BODY = YES;
				CLANG_WARN_ENUM_CONVERSION = YES;
				CLANG_WARN_INT_CONVERSION = YES;
				CLANG_WARN_OBJC_ROOT_CLASS = YES_ERROR;
				CLANG_WARN_UNREACHABLE_CODE = YES;
				CLANG_WARN__DUPLICATE_METHOD_MATCH = YES;
				"CODE_SIGN_IDENTITY[sdk=iphoneos*]" = "iPhone Developer";
				COPY_PHASE_STRIP = NO;
				DEBUG_INFORMATION_FORMAT = dwarf;
				ENABLE_STRICT_OBJC_MSGSEND = YES;
				ENABLE_TESTABILITY = YES;
				GCC_C_LANGUAGE_STANDARD = gnu99;
				GCC_DYNAMIC_NO_PIC = NO;
				GCC_NO_COMMON_BLOCKS = YES;
				GCC_OPTIMIZATION_LEVEL = 0;
				GCC_PREPROCESSOR_DEFINITIONS = (
					"DEBUG=1",
					"$(inherited)",
				);
				GCC_WARN_64_TO_32_BIT_CONVERSION = YES;
				GCC_WARN_ABOUT_RETURN_TYPE = YES_ERROR;
				GCC_WARN_UNDECLARED_SELECTOR = YES;
				GCC_WARN_UNINITIALIZED_AUTOS = YES_AGGRESSIVE;
				GCC_WARN_UNUSED_FUNCTION = YES;
				GCC_WARN_UNUSED_VARIABLE = YES;
				IPHONEOS_DEPLOYMENT_TARGET = 9.2;
				MTL_ENABLE_DEBUG_INFO = YES;
				ONLY_ACTIVE_ARCH = YES;
				SDKROOT = iphoneos;
			};
			name = Debug;
		};
		09A85FDD1CA473FB00C7F3C8 /* Release */ = {
			isa = XCBuildConfiguration;
			buildSettings = {
				ALWAYS_SEARCH_USER_PATHS = NO;
				CLANG_CXX_LANGUAGE_STANDARD = "gnu++0x";
				CLANG_CXX_LIBRARY = "libc++";
				CLANG_ENABLE_MODULES = YES;
				CLANG_ENABLE_OBJC_ARC = YES;
				CLANG_WARN_BOOL_CONVERSION = YES;
				CLANG_WARN_CONSTANT_CONVERSION = YES;
				CLANG_WARN_DIRECT_OBJC_ISA_USAGE = YES_ERROR;
				CLANG_WARN_EMPTY_BODY = YES;
				CLANG_WARN_ENUM_CONVERSION = YES;
				CLANG_WARN_INT_CONVERSION = YES;
				CLANG_WARN_OBJC_ROOT_CLASS = YES_ERROR;
				CLANG_WARN_UNREACHABLE_CODE = YES;
				CLANG_WARN__DUPLICATE_METHOD_MATCH = YES;
				"CODE_SIGN_IDENTITY[sdk=iphoneos*]" = "iPhone Developer";
				COPY_PHASE_STRIP = NO;
				DEBUG_INFORMATION_FORMAT = "dwarf-with-dsym";
				ENABLE_NS_ASSERTIONS = NO;
				ENABLE_STRICT_OBJC_MSGSEND = YES;
				GCC_C_LANGUAGE_STANDARD = gnu99;
				GCC_NO_COMMON_BLOCKS = YES;
				GCC_WARN_64_TO_32_BIT_CONVERSION = YES;
				GCC_WARN_ABOUT_RETURN_TYPE = YES_ERROR;
				GCC_WARN_UNDECLARED_SELECTOR = YES;
				GCC_WARN_UNINITIALIZED_AUTOS = YES_AGGRESSIVE;
				GCC_WARN_UNUSED_FUNCTION = YES;
				GCC_WARN_UNUSED_VARIABLE = YES;
				IPHONEOS_DEPLOYMENT_TARGET = 9.2;
				MTL_ENABLE_DEBUG_INFO = NO;
				SDKROOT = iphoneos;
				VALIDATE_PRODUCT = YES;
			};
			name = Release;
		};
		09A85FDF1CA473FB00C7F3C8 /* Debug */ = {
			isa = XCBuildConfiguration;
			buildSettings = {
				ASSETCATALOG_COMPILER_APPICON_NAME = AppIcon;
				CODE_SIGN_IDENTITY = "iPhone Developer";
				INFOPLIST_FILE = "$(SRCROOT)/support/Info.plist";
				LD_RUNPATH_SEARCH_PATHS = "$(inherited) @executable_path/Frameworks";
				PRODUCT_BUNDLE_IDENTIFIER = Donovan.Farkle;
				PRODUCT_NAME = "$(TARGET_NAME)";
			};
			name = Debug;
		};
		09A85FE01CA473FB00C7F3C8 /* Release */ = {
			isa = XCBuildConfiguration;
			buildSettings = {
				ASSETCATALOG_COMPILER_APPICON_NAME = AppIcon;
				CODE_SIGN_IDENTITY = "iPhone Developer";
				INFOPLIST_FILE = "$(SRCROOT)/support/Info.plist";
				LD_RUNPATH_SEARCH_PATHS = "$(inherited) @executable_path/Frameworks";
				PRODUCT_BUNDLE_IDENTIFIER = Donovan.Farkle;
				PRODUCT_NAME = "$(TARGET_NAME)";
			};
			name = Release;
		};
/* End XCBuildConfiguration section */

/* Begin XCConfigurationList section */
		09A85FC21CA473FB00C7F3C8 /* Build configuration list for PBXProject "Farkle" */ = {
			isa = XCConfigurationList;
			buildConfigurations = (
				09A85FDC1CA473FB00C7F3C8 /* Debug */,
				09A85FDD1CA473FB00C7F3C8 /* Release */,
			);
			defaultConfigurationIsVisible = 0;
			defaultConfigurationName = Release;
		};
		09A85FDE1CA473FB00C7F3C8 /* Build configuration list for PBXNativeTarget "Farkle" */ = {
			isa = XCConfigurationList;
			buildConfigurations = (
				09A85FDF1CA473FB00C7F3C8 /* Debug */,
				09A85FE01CA473FB00C7F3C8 /* Release */,
			);
			defaultConfigurationIsVisible = 0;
			defaultConfigurationName = Release;
		};
/* End XCConfigurationList section */
	};
	rootObject = 09A85FBF1CA473FB00C7F3C8 /* Project object */;
}
