// !$*UTF8*$!
{
	archiveVersion = 1;
	classes = {
	};
	objectVersion = 46;
	objects = {

/* Begin PBXBuildFile section */
		09A85FCC1CA473FB00C7F3C8 /* main.m in Sources */ = {isa = PBXBuildFile; fileRef = 09A85FCB1CA473FB00C7F3C8 /* main.m */; };
		09A85FCF1CA473FB00C7F3C8 /* AppDelegate.m in Sources */ = {isa = PBXBuildFile; fileRef = 09A85FCE1CA473FB00C7F3C8 /* AppDelegate.m */; };
		09A85FD21CA473FB00C7F3C8 /* ViewController.m in Sources */ = {isa = PBXBuildFile; fileRef = 09A85FD11CA473FB00C7F3C8 /* ViewController.m */; };
		09A85FD51CA473FB00C7F3C8 /* Main.storyboard in Resources */ = {isa = PBXBuildFile; fileRef = 09A85FD31CA473FB00C7F3C8 /* Main.storyboard */; };
		09A85FD71CA473FB00C7F3C8 /* Assets.xcassets in Resources */ = {isa = PBXBuildFile; fileRef = 09A85FD61CA473FB00C7F3C8 /* Assets.xcassets */; };
		09A85FDA1CA473FB00C7F3C8 /* LaunchScreen.storyboard in Resources */ = {isa = PBXBuildFile; fileRef = 09A85FD81CA473FB00C7F3C8 /* LaunchScreen.storyboard */; };
		6820CAF31CB1D8DE006AD5EB /* DiceHeaderTypeCollectionReusableView.m in Sources */ = {isa = PBXBuildFile; fileRef = 6820CAF21CB1D8DE006AD5EB /* DiceHeaderTypeCollectionReusableView.m */; };
		6820CAF51CB1E6DA006AD5EB /* Info.plist in Resources */ = {isa = PBXBuildFile; fileRef = 6820CAF41CB1E6DA006AD5EB /* Info.plist */; };
		6820CAFF1CB1E705006AD5EB /* CanMoveFromRolledDiceToHeldDiceTest.m in Sources */ = {isa = PBXBuildFile; fileRef = 6820CAF81CB1E705006AD5EB /* CanMoveFromRolledDiceToHeldDiceTest.m */; };
		6820CB001CB1E705006AD5EB /* CanRollAgainInTurnTest.m in Sources */ = {isa = PBXBuildFile; fileRef = 6820CAF91CB1E705006AD5EB /* CanRollAgainInTurnTest.m */; };
		6820CB011CB1E705006AD5EB /* CanStopTurnTests.m in Sources */ = {isa = PBXBuildFile; fileRef = 6820CAFA1CB1E705006AD5EB /* CanStopTurnTests.m */; };
		6820CB021CB1E705006AD5EB /* MoveFromRolledDiceToHeldDice.m in Sources */ = {isa = PBXBuildFile; fileRef = 6820CAFB1CB1E705006AD5EB /* MoveFromRolledDiceToHeldDice.m */; };
		6820CB031CB1E705006AD5EB /* NSCountedSetCategoryTests.m in Sources */ = {isa = PBXBuildFile; fileRef = 6820CAFC1CB1E705006AD5EB /* NSCountedSetCategoryTests.m */; };
		6820CB041CB1E705006AD5EB /* PointsForHeldDiceTest.m in Sources */ = {isa = PBXBuildFile; fileRef = 6820CAFD1CB1E705006AD5EB /* PointsForHeldDiceTest.m */; };
		6820CB051CB1E705006AD5EB /* PointsForOngoingTurnTest.m in Sources */ = {isa = PBXBuildFile; fileRef = 6820CAFE1CB1E705006AD5EB /* PointsForOngoingTurnTest.m */; };
		68422E8B1CAB3DD400FBD05E /* Roll1State.m in Sources */ = {isa = PBXBuildFile; fileRef = 68AA66751CA734F10010D421 /* Roll1State.m */; };
		68422E8C1CAB3DD800FBD05E /* Roll2State.m in Sources */ = {isa = PBXBuildFile; fileRef = 68AA66721CA734D30010D421 /* Roll2State.m */; };
		68422E8D1CAB3DE400FBD05E /* Roll3State.m in Sources */ = {isa = PBXBuildFile; fileRef = 68AA666F1CA734A70010D421 /* Roll3State.m */; };
		68422E8E1CAB3DE700FBD05E /* Roll4State.m in Sources */ = {isa = PBXBuildFile; fileRef = 68AA666C1CA734370010D421 /* Roll4State.m */; };
		68422E8F1CAB3DEA00FBD05E /* Roll5State.m in Sources */ = {isa = PBXBuildFile; fileRef = 68AA66661CA732D70010D421 /* Roll5State.m */; };
		68422E901CAB3DEE00FBD05E /* RollState.m in Sources */ = {isa = PBXBuildFile; fileRef = 68AA667B1CA739590010D421 /* RollState.m */; };
		68422E911CAB3E2D00FBD05E /* SingleDice.m in Sources */ = {isa = PBXBuildFile; fileRef = 68AA66781CA7357E0010D421 /* SingleDice.m */; };
		68422E921CAB3E3000FBD05E /* Turn.m in Sources */ = {isa = PBXBuildFile; fileRef = 68AA66601CA727540010D421 /* Turn.m */; };
		68422E931CAB3E3400FBD05E /* Game.m in Sources */ = {isa = PBXBuildFile; fileRef = 68AA66591CA7161A0010D421 /* Game.m */; };
		68AA66571CA712100010D421 /* Player.m in Sources */ = {isa = PBXBuildFile; fileRef = 68AA66561CA712100010D421 /* Player.m */; };
		68AA665A1CA7161A0010D421 /* Game.m in Sources */ = {isa = PBXBuildFile; fileRef = 68AA66591CA7161A0010D421 /* Game.m */; };
		68AA66611CA727540010D421 /* Turn.m in Sources */ = {isa = PBXBuildFile; fileRef = 68AA66601CA727540010D421 /* Turn.m */; };
		68AA66671CA732D70010D421 /* Roll5State.m in Sources */ = {isa = PBXBuildFile; fileRef = 68AA66661CA732D70010D421 /* Roll5State.m */; };
		68AA666D1CA734370010D421 /* Roll4State.m in Sources */ = {isa = PBXBuildFile; fileRef = 68AA666C1CA734370010D421 /* Roll4State.m */; };
		68AA66701CA734A70010D421 /* Roll3State.m in Sources */ = {isa = PBXBuildFile; fileRef = 68AA666F1CA734A70010D421 /* Roll3State.m */; };
		68AA66731CA734D30010D421 /* Roll2State.m in Sources */ = {isa = PBXBuildFile; fileRef = 68AA66721CA734D30010D421 /* Roll2State.m */; };
		68AA66761CA734F10010D421 /* Roll1State.m in Sources */ = {isa = PBXBuildFile; fileRef = 68AA66751CA734F10010D421 /* Roll1State.m */; };
		68AA66791CA7357E0010D421 /* SingleDice.m in Sources */ = {isa = PBXBuildFile; fileRef = 68AA66781CA7357E0010D421 /* SingleDice.m */; };
		68AA667C1CA739590010D421 /* RollState.m in Sources */ = {isa = PBXBuildFile; fileRef = 68AA667B1CA739590010D421 /* RollState.m */; };
		68AA66A91CA855760010D421 /* NSCountedSet+Dice.m in Sources */ = {isa = PBXBuildFile; fileRef = 68AA66A81CA855760010D421 /* NSCountedSet+Dice.m */; };
		68D2577F1CB1EE7300D035FE /* NSCountedSet+Dice.m in Sources */ = {isa = PBXBuildFile; fileRef = 68AA66A81CA855760010D421 /* NSCountedSet+Dice.m */; };
		68D257881CB1F10B00D035FE /* CanMoveFromRolledDiceToHeldDiceTest.m in Sources */ = {isa = PBXBuildFile; fileRef = 68D257801CB1F10B00D035FE /* CanMoveFromRolledDiceToHeldDiceTest.m */; };
		68D257891CB1F10B00D035FE /* CanRollAgainInTurnTest.m in Sources */ = {isa = PBXBuildFile; fileRef = 68D257811CB1F10B00D035FE /* CanRollAgainInTurnTest.m */; };
		68D2578A1CB1F10B00D035FE /* CanStopTurnTests.m in Sources */ = {isa = PBXBuildFile; fileRef = 68D257821CB1F10B00D035FE /* CanStopTurnTests.m */; };
		68D2578B1CB1F10B00D035FE /* MoveFromRolledDiceToHeldDice.m in Sources */ = {isa = PBXBuildFile; fileRef = 68D257831CB1F10B00D035FE /* MoveFromRolledDiceToHeldDice.m */; };
		68D2578C1CB1F10B00D035FE /* NSCountedSetCategoryTests.m in Sources */ = {isa = PBXBuildFile; fileRef = 68D257841CB1F10B00D035FE /* NSCountedSetCategoryTests.m */; };
		68D2578D1CB1F10B00D035FE /* PointsForHeldDiceTest.m in Sources */ = {isa = PBXBuildFile; fileRef = 68D257851CB1F10B00D035FE /* PointsForHeldDiceTest.m */; };
		68D2578E1CB1F10B00D035FE /* PointsForOngoingTurnTest.m in Sources */ = {isa = PBXBuildFile; fileRef = 68D257861CB1F10B00D035FE /* PointsForOngoingTurnTest.m */; };
		68D2578F1CB1F10B00D035FE /* TurnStateChangeTests.m in Sources */ = {isa = PBXBuildFile; fileRef = 68D257871CB1F10B00D035FE /* TurnStateChangeTests.m */; };
		68F583411CB0B13D000B1398 /* Player.m in Sources */ = {isa = PBXBuildFile; fileRef = 68AA66561CA712100010D421 /* Player.m */; };
/* End PBXBuildFile section */

/* Begin PBXContainerItemProxy section */
		68AA66861CA743600010D421 /* PBXContainerItemProxy */ = {
			isa = PBXContainerItemProxy;
			containerPortal = 09A85FBF1CA473FB00C7F3C8 /* Project object */;
			proxyType = 1;
			remoteGlobalIDString = 09A85FC61CA473FB00C7F3C8;
			remoteInfo = Zonk;
		};
/* End PBXContainerItemProxy section */

/* Begin PBXFileReference section */
		09A85FC71CA473FB00C7F3C8 /* Zonk.app */ = {isa = PBXFileReference; explicitFileType = wrapper.application; includeInIndex = 0; path = Zonk.app; sourceTree = BUILT_PRODUCTS_DIR; };
		09A85FCB1CA473FB00C7F3C8 /* main.m */ = {isa = PBXFileReference; lastKnownFileType = sourcecode.c.objc; path = main.m; sourceTree = "<group>"; };
		09A85FCD1CA473FB00C7F3C8 /* AppDelegate.h */ = {isa = PBXFileReference; lastKnownFileType = sourcecode.c.h; path = AppDelegate.h; sourceTree = "<group>"; };
		09A85FCE1CA473FB00C7F3C8 /* AppDelegate.m */ = {isa = PBXFileReference; lastKnownFileType = sourcecode.c.objc; path = AppDelegate.m; sourceTree = "<group>"; };
		09A85FD01CA473FB00C7F3C8 /* ViewController.h */ = {isa = PBXFileReference; lastKnownFileType = sourcecode.c.h; path = ViewController.h; sourceTree = "<group>"; };
		09A85FD11CA473FB00C7F3C8 /* ViewController.m */ = {isa = PBXFileReference; lastKnownFileType = sourcecode.c.objc; path = ViewController.m; sourceTree = "<group>"; };
		09A85FD41CA473FB00C7F3C8 /* Base */ = {isa = PBXFileReference; lastKnownFileType = file.storyboard; name = Base; path = Base.lproj/Main.storyboard; sourceTree = "<group>"; };
		09A85FD61CA473FB00C7F3C8 /* Assets.xcassets */ = {isa = PBXFileReference; lastKnownFileType = folder.assetcatalog; path = Assets.xcassets; sourceTree = "<group>"; };
		09A85FD91CA473FB00C7F3C8 /* Base */ = {isa = PBXFileReference; lastKnownFileType = file.storyboard; name = Base; path = Base.lproj/LaunchScreen.storyboard; sourceTree = "<group>"; };
		09A85FDB1CA473FB00C7F3C8 /* Info.plist */ = {isa = PBXFileReference; lastKnownFileType = text.plist.xml; path = Info.plist; sourceTree = "<group>"; };
		6820CAF11CB1D8DE006AD5EB /* DiceHeaderTypeCollectionReusableView.h */ = {isa = PBXFileReference; fileEncoding = 4; lastKnownFileType = sourcecode.c.h; path = DiceHeaderTypeCollectionReusableView.h; sourceTree = "<group>"; };
		6820CAF21CB1D8DE006AD5EB /* DiceHeaderTypeCollectionReusableView.m */ = {isa = PBXFileReference; fileEncoding = 4; lastKnownFileType = sourcecode.c.objc; path = DiceHeaderTypeCollectionReusableView.m; sourceTree = "<group>"; };
		6820CAF41CB1E6DA006AD5EB /* Info.plist */ = {isa = PBXFileReference; fileEncoding = 4; lastKnownFileType = text.plist.xml; path = Info.plist; sourceTree = "<group>"; };
		6820CAF81CB1E705006AD5EB /* CanMoveFromRolledDiceToHeldDiceTest.m */ = {isa = PBXFileReference; fileEncoding = 4; lastKnownFileType = sourcecode.c.objc; path = CanMoveFromRolledDiceToHeldDiceTest.m; sourceTree = "<group>"; };
		6820CAF91CB1E705006AD5EB /* CanRollAgainInTurnTest.m */ = {isa = PBXFileReference; fileEncoding = 4; lastKnownFileType = sourcecode.c.objc; path = CanRollAgainInTurnTest.m; sourceTree = "<group>"; };
		6820CAFA1CB1E705006AD5EB /* CanStopTurnTests.m */ = {isa = PBXFileReference; fileEncoding = 4; lastKnownFileType = sourcecode.c.objc; path = CanStopTurnTests.m; sourceTree = "<group>"; };
		6820CAFB1CB1E705006AD5EB /* MoveFromRolledDiceToHeldDice.m */ = {isa = PBXFileReference; fileEncoding = 4; lastKnownFileType = sourcecode.c.objc; path = MoveFromRolledDiceToHeldDice.m; sourceTree = "<group>"; };
		6820CAFC1CB1E705006AD5EB /* NSCountedSetCategoryTests.m */ = {isa = PBXFileReference; fileEncoding = 4; lastKnownFileType = sourcecode.c.objc; path = NSCountedSetCategoryTests.m; sourceTree = "<group>"; };
		6820CAFD1CB1E705006AD5EB /* PointsForHeldDiceTest.m */ = {isa = PBXFileReference; fileEncoding = 4; lastKnownFileType = sourcecode.c.objc; path = PointsForHeldDiceTest.m; sourceTree = "<group>"; };
		6820CAFE1CB1E705006AD5EB /* PointsForOngoingTurnTest.m */ = {isa = PBXFileReference; fileEncoding = 4; lastKnownFileType = sourcecode.c.objc; path = PointsForOngoingTurnTest.m; sourceTree = "<group>"; };
		68AA66551CA712100010D421 /* Player.h */ = {isa = PBXFileReference; fileEncoding = 4; lastKnownFileType = sourcecode.c.h; path = Player.h; sourceTree = "<group>"; };
		68AA66561CA712100010D421 /* Player.m */ = {isa = PBXFileReference; fileEncoding = 4; lastKnownFileType = sourcecode.c.objc; path = Player.m; sourceTree = "<group>"; };
		68AA66581CA7161A0010D421 /* Game.h */ = {isa = PBXFileReference; fileEncoding = 4; lastKnownFileType = sourcecode.c.h; path = Game.h; sourceTree = "<group>"; };
		68AA66591CA7161A0010D421 /* Game.m */ = {isa = PBXFileReference; fileEncoding = 4; lastKnownFileType = sourcecode.c.objc; path = Game.m; sourceTree = "<group>"; };
		68AA665F1CA727540010D421 /* Turn.h */ = {isa = PBXFileReference; fileEncoding = 4; lastKnownFileType = sourcecode.c.h; path = Turn.h; sourceTree = "<group>"; };
		68AA66601CA727540010D421 /* Turn.m */ = {isa = PBXFileReference; fileEncoding = 4; lastKnownFileType = sourcecode.c.objc; path = Turn.m; sourceTree = "<group>"; };
		68AA66651CA732D70010D421 /* Roll5State.h */ = {isa = PBXFileReference; fileEncoding = 4; lastKnownFileType = sourcecode.c.h; path = Roll5State.h; sourceTree = "<group>"; };
		68AA66661CA732D70010D421 /* Roll5State.m */ = {isa = PBXFileReference; fileEncoding = 4; lastKnownFileType = sourcecode.c.objc; path = Roll5State.m; sourceTree = "<group>"; };
		68AA666B1CA734370010D421 /* Roll4State.h */ = {isa = PBXFileReference; fileEncoding = 4; lastKnownFileType = sourcecode.c.h; path = Roll4State.h; sourceTree = "<group>"; };
		68AA666C1CA734370010D421 /* Roll4State.m */ = {isa = PBXFileReference; fileEncoding = 4; lastKnownFileType = sourcecode.c.objc; path = Roll4State.m; sourceTree = "<group>"; };
		68AA666E1CA734A70010D421 /* Roll3State.h */ = {isa = PBXFileReference; fileEncoding = 4; lastKnownFileType = sourcecode.c.h; path = Roll3State.h; sourceTree = "<group>"; };
		68AA666F1CA734A70010D421 /* Roll3State.m */ = {isa = PBXFileReference; fileEncoding = 4; lastKnownFileType = sourcecode.c.objc; path = Roll3State.m; sourceTree = "<group>"; };
		68AA66711CA734D30010D421 /* Roll2State.h */ = {isa = PBXFileReference; fileEncoding = 4; lastKnownFileType = sourcecode.c.h; path = Roll2State.h; sourceTree = "<group>"; };
		68AA66721CA734D30010D421 /* Roll2State.m */ = {isa = PBXFileReference; fileEncoding = 4; lastKnownFileType = sourcecode.c.objc; path = Roll2State.m; sourceTree = "<group>"; };
		68AA66741CA734F10010D421 /* Roll1State.h */ = {isa = PBXFileReference; fileEncoding = 4; lastKnownFileType = sourcecode.c.h; path = Roll1State.h; sourceTree = "<group>"; };
		68AA66751CA734F10010D421 /* Roll1State.m */ = {isa = PBXFileReference; fileEncoding = 4; lastKnownFileType = sourcecode.c.objc; path = Roll1State.m; sourceTree = "<group>"; };
		68AA66771CA7357E0010D421 /* SingleDice.h */ = {isa = PBXFileReference; fileEncoding = 4; lastKnownFileType = sourcecode.c.h; path = SingleDice.h; sourceTree = "<group>"; };
		68AA66781CA7357E0010D421 /* SingleDice.m */ = {isa = PBXFileReference; fileEncoding = 4; lastKnownFileType = sourcecode.c.objc; path = SingleDice.m; sourceTree = "<group>"; };
		68AA667A1CA739590010D421 /* RollState.h */ = {isa = PBXFileReference; fileEncoding = 4; lastKnownFileType = sourcecode.c.h; path = RollState.h; sourceTree = "<group>"; };
		68AA667B1CA739590010D421 /* RollState.m */ = {isa = PBXFileReference; fileEncoding = 4; lastKnownFileType = sourcecode.c.objc; path = RollState.m; sourceTree = "<group>"; };
		68AA66811CA743600010D421 /* Zonk.xctest */ = {isa = PBXFileReference; explicitFileType = wrapper.cfbundle; includeInIndex = 0; path = Zonk.xctest; sourceTree = BUILT_PRODUCTS_DIR; };
		68AA66A71CA855760010D421 /* NSCountedSet+Dice.h */ = {isa = PBXFileReference; fileEncoding = 4; lastKnownFileType = sourcecode.c.h; path = "NSCountedSet+Dice.h"; sourceTree = "<group>"; };
		68AA66A81CA855760010D421 /* NSCountedSet+Dice.m */ = {isa = PBXFileReference; fileEncoding = 4; lastKnownFileType = sourcecode.c.objc; path = "NSCountedSet+Dice.m"; sourceTree = "<group>"; };
		68D257801CB1F10B00D035FE /* CanMoveFromRolledDiceToHeldDiceTest.m */ = {isa = PBXFileReference; fileEncoding = 4; lastKnownFileType = sourcecode.c.objc; name = CanMoveFromRolledDiceToHeldDiceTest.m; path = FarkleTests/TurnTests/CanMoveFromRolledDiceToHeldDiceTest.m; sourceTree = SOURCE_ROOT; };
		68D257811CB1F10B00D035FE /* CanRollAgainInTurnTest.m */ = {isa = PBXFileReference; fileEncoding = 4; lastKnownFileType = sourcecode.c.objc; name = CanRollAgainInTurnTest.m; path = FarkleTests/TurnTests/CanRollAgainInTurnTest.m; sourceTree = SOURCE_ROOT; };
		68D257821CB1F10B00D035FE /* CanStopTurnTests.m */ = {isa = PBXFileReference; fileEncoding = 4; lastKnownFileType = sourcecode.c.objc; name = CanStopTurnTests.m; path = FarkleTests/TurnTests/CanStopTurnTests.m; sourceTree = SOURCE_ROOT; };
		68D257831CB1F10B00D035FE /* MoveFromRolledDiceToHeldDice.m */ = {isa = PBXFileReference; fileEncoding = 4; lastKnownFileType = sourcecode.c.objc; name = MoveFromRolledDiceToHeldDice.m; path = FarkleTests/TurnTests/MoveFromRolledDiceToHeldDice.m; sourceTree = SOURCE_ROOT; };
		68D257841CB1F10B00D035FE /* NSCountedSetCategoryTests.m */ = {isa = PBXFileReference; fileEncoding = 4; lastKnownFileType = sourcecode.c.objc; name = NSCountedSetCategoryTests.m; path = FarkleTests/TurnTests/NSCountedSetCategoryTests.m; sourceTree = SOURCE_ROOT; };
		68D257851CB1F10B00D035FE /* PointsForHeldDiceTest.m */ = {isa = PBXFileReference; fileEncoding = 4; lastKnownFileType = sourcecode.c.objc; name = PointsForHeldDiceTest.m; path = FarkleTests/TurnTests/PointsForHeldDiceTest.m; sourceTree = SOURCE_ROOT; };
		68D257861CB1F10B00D035FE /* PointsForOngoingTurnTest.m */ = {isa = PBXFileReference; fileEncoding = 4; lastKnownFileType = sourcecode.c.objc; name = PointsForOngoingTurnTest.m; path = FarkleTests/TurnTests/PointsForOngoingTurnTest.m; sourceTree = SOURCE_ROOT; };
		68D257871CB1F10B00D035FE /* TurnStateChangeTests.m */ = {isa = PBXFileReference; fileEncoding = 4; lastKnownFileType = sourcecode.c.objc; name = TurnStateChangeTests.m; path = FarkleTests/TurnTests/TurnStateChangeTests.m; sourceTree = SOURCE_ROOT; };
/* End PBXFileReference section */

/* Begin PBXFrameworksBuildPhase section */
		09A85FC41CA473FB00C7F3C8 /* Frameworks */ = {
			isa = PBXFrameworksBuildPhase;
			buildActionMask = 2147483647;
			files = (
			);
			runOnlyForDeploymentPostprocessing = 0;
		};
		68AA667E1CA743600010D421 /* Frameworks */ = {
			isa = PBXFrameworksBuildPhase;
			buildActionMask = 2147483647;
			files = (
			);
			runOnlyForDeploymentPostprocessing = 0;
		};
/* End PBXFrameworksBuildPhase section */

/* Begin PBXGroup section */
		09A85FBE1CA473FB00C7F3C8 = {
			isa = PBXGroup;
			children = (
				09A85FC81CA473FB00C7F3C8 /* Products */,
				68AA66821CA743600010D421 /* ZonkTests */,
				684FEF321CA5AF5900E27DD0 /* controller */,
				684FEF301CA5AF4D00E27DD0 /* model */,
				684FEF331CA5AF5E00E27DD0 /* support */,
				684FEF311CA5AF5400E27DD0 /* view */,
			);
			sourceTree = "<group>";
		};
		09A85FC81CA473FB00C7F3C8 /* Products */ = {
			isa = PBXGroup;
			children = (
				09A85FC71CA473FB00C7F3C8 /* Zonk.app */,
				68AA66811CA743600010D421 /* Zonk.xctest */,
			);
			name = Products;
			sourceTree = "<group>";
		};
		68235E591CB0ADCA007BD3C7 /* TurnTests */ = {
			isa = PBXGroup;
			children = (
				68D257801CB1F10B00D035FE /* CanMoveFromRolledDiceToHeldDiceTest.m */,
				68D257811CB1F10B00D035FE /* CanRollAgainInTurnTest.m */,
				68D257821CB1F10B00D035FE /* CanStopTurnTests.m */,
				68D257831CB1F10B00D035FE /* MoveFromRolledDiceToHeldDice.m */,
				68D257841CB1F10B00D035FE /* NSCountedSetCategoryTests.m */,
				68D257851CB1F10B00D035FE /* PointsForHeldDiceTest.m */,
				68D257861CB1F10B00D035FE /* PointsForOngoingTurnTest.m */,
				68D257871CB1F10B00D035FE /* TurnStateChangeTests.m */,
				6820CAF81CB1E705006AD5EB /* CanMoveFromRolledDiceToHeldDiceTest.m */,
				6820CAF91CB1E705006AD5EB /* CanRollAgainInTurnTest.m */,
				6820CAFA1CB1E705006AD5EB /* CanStopTurnTests.m */,
				6820CAFB1CB1E705006AD5EB /* MoveFromRolledDiceToHeldDice.m */,
				6820CAFC1CB1E705006AD5EB /* NSCountedSetCategoryTests.m */,
				6820CAFD1CB1E705006AD5EB /* PointsForHeldDiceTest.m */,
				6820CAFE1CB1E705006AD5EB /* PointsForOngoingTurnTest.m */,
			);
			path = TurnTests;
			sourceTree = "<group>";
		};
		684FEF301CA5AF4D00E27DD0 /* model */ = {
			isa = PBXGroup;
			children = (
				68AA665E1CA7273F0010D421 /* Turn */,
				68AA66581CA7161A0010D421 /* Game.h */,
				68AA66591CA7161A0010D421 /* Game.m */,
				68AA66A71CA855760010D421 /* NSCountedSet+Dice.h */,
				68AA66A81CA855760010D421 /* NSCountedSet+Dice.m */,
				68AA66551CA712100010D421 /* Player.h */,
				68AA66561CA712100010D421 /* Player.m */,
			);
			path = model;
			sourceTree = "<group>";
		};
		684FEF311CA5AF5400E27DD0 /* view */ = {
			isa = PBXGroup;
			children = (
				6820CAF11CB1D8DE006AD5EB /* DiceHeaderTypeCollectionReusableView.h */,
				6820CAF21CB1D8DE006AD5EB /* DiceHeaderTypeCollectionReusableView.m */,
				09A85FD81CA473FB00C7F3C8 /* LaunchScreen.storyboard */,
				09A85FD31CA473FB00C7F3C8 /* Main.storyboard */,
			);
			path = view;
			sourceTree = "<group>";
		};
		684FEF321CA5AF5900E27DD0 /* controller */ = {
			isa = PBXGroup;
			children = (
				09A85FD01CA473FB00C7F3C8 /* ViewController.h */,
				09A85FD11CA473FB00C7F3C8 /* ViewController.m */,
			);
			path = controller;
			sourceTree = "<group>";
		};
		684FEF331CA5AF5E00E27DD0 /* support */ = {
			isa = PBXGroup;
			children = (
				09A85FCD1CA473FB00C7F3C8 /* AppDelegate.h */,
				09A85FCE1CA473FB00C7F3C8 /* AppDelegate.m */,
				09A85FD61CA473FB00C7F3C8 /* Assets.xcassets */,
				09A85FDB1CA473FB00C7F3C8 /* Info.plist */,
				09A85FCB1CA473FB00C7F3C8 /* main.m */,
			);
			path = support;
			sourceTree = "<group>";
		};
		68AA665E1CA7273F0010D421 /* Turn */ = {
			isa = PBXGroup;
			children = (
				68AA66741CA734F10010D421 /* Roll1State.h */,
				68AA66751CA734F10010D421 /* Roll1State.m */,
				68AA66711CA734D30010D421 /* Roll2State.h */,
				68AA66721CA734D30010D421 /* Roll2State.m */,
				68AA666E1CA734A70010D421 /* Roll3State.h */,
				68AA666F1CA734A70010D421 /* Roll3State.m */,
				68AA666B1CA734370010D421 /* Roll4State.h */,
				68AA666C1CA734370010D421 /* Roll4State.m */,
				68AA66651CA732D70010D421 /* Roll5State.h */,
				68AA66661CA732D70010D421 /* Roll5State.m */,
				68AA667A1CA739590010D421 /* RollState.h */,
				68AA667B1CA739590010D421 /* RollState.m */,
				68AA66771CA7357E0010D421 /* SingleDice.h */,
				68AA66781CA7357E0010D421 /* SingleDice.m */,
				68AA665F1CA727540010D421 /* Turn.h */,
				68AA66601CA727540010D421 /* Turn.m */,
			);
			path = Turn;
			sourceTree = "<group>";
		};
		68AA66821CA743600010D421 /* ZonkTests */ = {
			isa = PBXGroup;
			children = (
				6820CAF41CB1E6DA006AD5EB /* Info.plist */,
				68235E591CB0ADCA007BD3C7 /* TurnTests */,
			);
			path = ZonkTests;
			sourceTree = "<group>";
		};
/* End PBXGroup section */

/* Begin PBXNativeTarget section */
		09A85FC61CA473FB00C7F3C8 /* Zonk */ = {
			isa = PBXNativeTarget;
			buildConfigurationList = 09A85FDE1CA473FB00C7F3C8 /* Build configuration list for PBXNativeTarget "Zonk" */;
			buildPhases = (
				09A85FC31CA473FB00C7F3C8 /* Sources */,
				09A85FC41CA473FB00C7F3C8 /* Frameworks */,
				09A85FC51CA473FB00C7F3C8 /* Resources */,
			);
			buildRules = (
			);
			dependencies = (
			);
			name = Zonk;
			productName = Zonk;
			productReference = 09A85FC71CA473FB00C7F3C8 /* Zonk.app */;
			productType = "com.apple.product-type.application";
		};
		68AA66801CA743600010D421 /* ZonkTests */ = {
			isa = PBXNativeTarget;
			buildConfigurationList = 68AA66881CA743610010D421 /* Build configuration list for PBXNativeTarget "ZonkTests" */;
			buildPhases = (
				68AA667D1CA743600010D421 /* Sources */,
				68AA667E1CA743600010D421 /* Frameworks */,
				68AA667F1CA743600010D421 /* Resources */,
			);
			buildRules = (
			);
			dependencies = (
				68AA66871CA743600010D421 /* PBXTargetDependency */,
			);
			name = ZonkTests;
			productName = ZonkTests;
			productReference = 68AA66811CA743600010D421 /* Zonk.xctest */;
			productType = "com.apple.product-type.bundle.unit-test";
		};
/* End PBXNativeTarget section */

/* Begin PBXProject section */
		09A85FBF1CA473FB00C7F3C8 /* Project object */ = {
			isa = PBXProject;
			attributes = {
				LastUpgradeCheck = 0720;
				ORGANIZATIONNAME = IdRaja;
				TargetAttributes = {
					09A85FC61CA473FB00C7F3C8 = {
						CreatedOnToolsVersion = 7.2.1;
						DevelopmentTeam = 66B8D6X2BX;
					};
					68AA66801CA743600010D421 = {
						CreatedOnToolsVersion = 7.3;
					};
				};
			};
			buildConfigurationList = 09A85FC21CA473FB00C7F3C8 /* Build configuration list for PBXProject "Zonk" */;
			compatibilityVersion = "Xcode 3.2";
			developmentRegion = English;
			hasScannedForEncodings = 0;
			knownRegions = (
				en,
				Base,
			);
			mainGroup = 09A85FBE1CA473FB00C7F3C8;
			productRefGroup = 09A85FC81CA473FB00C7F3C8 /* Products */;
			projectDirPath = "";
			projectRoot = "";
			targets = (
				09A85FC61CA473FB00C7F3C8 /* Zonk */,
				68AA66801CA743600010D421 /* ZonkTests */,
			);
		};
/* End PBXProject section */

/* Begin PBXResourcesBuildPhase section */
		09A85FC51CA473FB00C7F3C8 /* Resources */ = {
			isa = PBXResourcesBuildPhase;
			buildActionMask = 2147483647;
			files = (
				09A85FDA1CA473FB00C7F3C8 /* LaunchScreen.storyboard in Resources */,
				09A85FD71CA473FB00C7F3C8 /* Assets.xcassets in Resources */,
				09A85FD51CA473FB00C7F3C8 /* Main.storyboard in Resources */,
			);
			runOnlyForDeploymentPostprocessing = 0;
		};
		68AA667F1CA743600010D421 /* Resources */ = {
			isa = PBXResourcesBuildPhase;
			buildActionMask = 2147483647;
			files = (
				6820CAF51CB1E6DA006AD5EB /* Info.plist in Resources */,
			);
			runOnlyForDeploymentPostprocessing = 0;
		};
/* End PBXResourcesBuildPhase section */

/* Begin PBXSourcesBuildPhase section */
		09A85FC31CA473FB00C7F3C8 /* Sources */ = {
			isa = PBXSourcesBuildPhase;
			buildActionMask = 2147483647;
			files = (
				68AA66671CA732D70010D421 /* Roll5State.m in Sources */,
				68AA667C1CA739590010D421 /* RollState.m in Sources */,
				68D2577F1CB1EE7300D035FE /* NSCountedSet+Dice.m in Sources */,
				68AA66791CA7357E0010D421 /* SingleDice.m in Sources */,
				09A85FD21CA473FB00C7F3C8 /* ViewController.m in Sources */,
				68AA66761CA734F10010D421 /* Roll1State.m in Sources */,
				6820CAF31CB1D8DE006AD5EB /* DiceHeaderTypeCollectionReusableView.m in Sources */,
				68AA66611CA727540010D421 /* Turn.m in Sources */,
				68AA66731CA734D30010D421 /* Roll2State.m in Sources */,
				09A85FCF1CA473FB00C7F3C8 /* AppDelegate.m in Sources */,
				09A85FCC1CA473FB00C7F3C8 /* main.m in Sources */,
				68AA665A1CA7161A0010D421 /* Game.m in Sources */,
				68AA66701CA734A70010D421 /* Roll3State.m in Sources */,
				68AA666D1CA734370010D421 /* Roll4State.m in Sources */,
				68AA66571CA712100010D421 /* Player.m in Sources */,
			);
			runOnlyForDeploymentPostprocessing = 0;
		};
		68AA667D1CA743600010D421 /* Sources */ = {
			isa = PBXSourcesBuildPhase;
			buildActionMask = 2147483647;
			files = (
				68D2578B1CB1F10B00D035FE /* MoveFromRolledDiceToHeldDice.m in Sources */,
				68422E931CAB3E3400FBD05E /* Game.m in Sources */,
				68D2578D1CB1F10B00D035FE /* PointsForHeldDiceTest.m in Sources */,
				68F583411CB0B13D000B1398 /* Player.m in Sources */,
				68D257881CB1F10B00D035FE /* CanMoveFromRolledDiceToHeldDiceTest.m in Sources */,
				68D257891CB1F10B00D035FE /* CanRollAgainInTurnTest.m in Sources */,
				6820CB051CB1E705006AD5EB /* PointsForOngoingTurnTest.m in Sources */,
				6820CB021CB1E705006AD5EB /* MoveFromRolledDiceToHeldDice.m in Sources */,
				68422E931CAB3E3400FBD05E /* Game.m in Sources */,
				6820CB041CB1E705006AD5EB /* PointsForHeldDiceTest.m in Sources */,
				6820CB031CB1E705006AD5EB /* NSCountedSetCategoryTests.m in Sources */,
				68F583411CB0B13D000B1398 /* Player.m in Sources */,
				6820CAFF1CB1E705006AD5EB /* CanMoveFromRolledDiceToHeldDiceTest.m in Sources */,
				6820CB001CB1E705006AD5EB /* CanRollAgainInTurnTest.m in Sources */,
				68422E911CAB3E2D00FBD05E /* SingleDice.m in Sources */,
				68422E8E1CAB3DE700FBD05E /* Roll4State.m in Sources */,
				68422E8D1CAB3DE400FBD05E /* Roll3State.m in Sources */,
				68D2578C1CB1F10B00D035FE /* NSCountedSetCategoryTests.m in Sources */,
				68AA66A91CA855760010D421 /* NSCountedSet+Dice.m in Sources */,
				68422E8C1CAB3DD800FBD05E /* Roll2State.m in Sources */,
				68422E8F1CAB3DEA00FBD05E /* Roll5State.m in Sources */,
				6820CB011CB1E705006AD5EB /* CanStopTurnTests.m in Sources */,
				68422E921CAB3E3000FBD05E /* Turn.m in Sources */,
				68422E8B1CAB3DD400FBD05E /* Roll1State.m in Sources */,
				68D2578F1CB1F10B00D035FE /* TurnStateChangeTests.m in Sources */,
				68422E901CAB3DEE00FBD05E /* RollState.m in Sources */,
				68D2578E1CB1F10B00D035FE /* PointsForOngoingTurnTest.m in Sources */,
				68D2578A1CB1F10B00D035FE /* CanStopTurnTests.m in Sources */,
			);
			runOnlyForDeploymentPostprocessing = 0;
		};
/* End PBXSourcesBuildPhase section */

/* Begin PBXTargetDependency section */
		68AA66871CA743600010D421 /* PBXTargetDependency */ = {
			isa = PBXTargetDependency;
			target = 09A85FC61CA473FB00C7F3C8 /* Zonk */;
			targetProxy = 68AA66861CA743600010D421 /* PBXContainerItemProxy */;
		};
/* End PBXTargetDependency section */

/* Begin PBXVariantGroup section */
		09A85FD31CA473FB00C7F3C8 /* Main.storyboard */ = {
			isa = PBXVariantGroup;
			children = (
				09A85FD41CA473FB00C7F3C8 /* Base */,
			);
			name = Main.storyboard;
			path = .;
			sourceTree = "<group>";
		};
		09A85FD81CA473FB00C7F3C8 /* LaunchScreen.storyboard */ = {
			isa = PBXVariantGroup;
			children = (
				09A85FD91CA473FB00C7F3C8 /* Base */,
			);
			name = LaunchScreen.storyboard;
			path = .;
			sourceTree = "<group>";
		};
/* End PBXVariantGroup section */

/* Begin XCBuildConfiguration section */
		09A85FDC1CA473FB00C7F3C8 /* Debug */ = {
			isa = XCBuildConfiguration;
			buildSettings = {
				ALWAYS_SEARCH_USER_PATHS = NO;
				CLANG_CXX_LANGUAGE_STANDARD = "gnu++0x";
				CLANG_CXX_LIBRARY = "libc++";
				CLANG_ENABLE_MODULES = YES;
				CLANG_ENABLE_OBJC_ARC = YES;
				CLANG_WARN_BOOL_CONVERSION = YES;
				CLANG_WARN_CONSTANT_CONVERSION = YES;
				CLANG_WARN_DIRECT_OBJC_ISA_USAGE = YES_ERROR;
				CLANG_WARN_EMPTY_BODY = YES;
				CLANG_WARN_ENUM_CONVERSION = YES;
				CLANG_WARN_INT_CONVERSION = YES;
				CLANG_WARN_OBJC_ROOT_CLASS = YES_ERROR;
				CLANG_WARN_UNREACHABLE_CODE = YES;
				CLANG_WARN__DUPLICATE_METHOD_MATCH = YES;
				"CODE_SIGN_IDENTITY[sdk=iphoneos*]" = "iPhone Developer";
				COPY_PHASE_STRIP = NO;
				DEBUG_INFORMATION_FORMAT = dwarf;
				ENABLE_STRICT_OBJC_MSGSEND = YES;
				ENABLE_TESTABILITY = YES;
				GCC_C_LANGUAGE_STANDARD = gnu99;
				GCC_DYNAMIC_NO_PIC = NO;
				GCC_NO_COMMON_BLOCKS = YES;
				GCC_OPTIMIZATION_LEVEL = 0;
				GCC_PREPROCESSOR_DEFINITIONS = (
					"DEBUG=1",
					"$(inherited)",
				);
				GCC_WARN_64_TO_32_BIT_CONVERSION = YES;
				GCC_WARN_ABOUT_RETURN_TYPE = YES_ERROR;
				GCC_WARN_UNDECLARED_SELECTOR = YES;
				GCC_WARN_UNINITIALIZED_AUTOS = YES_AGGRESSIVE;
				GCC_WARN_UNUSED_FUNCTION = YES;
				GCC_WARN_UNUSED_VARIABLE = YES;
				IPHONEOS_DEPLOYMENT_TARGET = 9.2;
				MTL_ENABLE_DEBUG_INFO = YES;
				ONLY_ACTIVE_ARCH = YES;
				SDKROOT = iphoneos;
			};
			name = Debug;
		};
		09A85FDD1CA473FB00C7F3C8 /* Release */ = {
			isa = XCBuildConfiguration;
			buildSettings = {
				ALWAYS_SEARCH_USER_PATHS = NO;
				CLANG_CXX_LANGUAGE_STANDARD = "gnu++0x";
				CLANG_CXX_LIBRARY = "libc++";
				CLANG_ENABLE_MODULES = YES;
				CLANG_ENABLE_OBJC_ARC = YES;
				CLANG_WARN_BOOL_CONVERSION = YES;
				CLANG_WARN_CONSTANT_CONVERSION = YES;
				CLANG_WARN_DIRECT_OBJC_ISA_USAGE = YES_ERROR;
				CLANG_WARN_EMPTY_BODY = YES;
				CLANG_WARN_ENUM_CONVERSION = YES;
				CLANG_WARN_INT_CONVERSION = YES;
				CLANG_WARN_OBJC_ROOT_CLASS = YES_ERROR;
				CLANG_WARN_UNREACHABLE_CODE = YES;
				CLANG_WARN__DUPLICATE_METHOD_MATCH = YES;
				"CODE_SIGN_IDENTITY[sdk=iphoneos*]" = "iPhone Developer";
				COPY_PHASE_STRIP = NO;
				DEBUG_INFORMATION_FORMAT = "dwarf-with-dsym";
				ENABLE_NS_ASSERTIONS = NO;
				ENABLE_STRICT_OBJC_MSGSEND = YES;
				GCC_C_LANGUAGE_STANDARD = gnu99;
				GCC_NO_COMMON_BLOCKS = YES;
				GCC_WARN_64_TO_32_BIT_CONVERSION = YES;
				GCC_WARN_ABOUT_RETURN_TYPE = YES_ERROR;
				GCC_WARN_UNDECLARED_SELECTOR = YES;
				GCC_WARN_UNINITIALIZED_AUTOS = YES_AGGRESSIVE;
				GCC_WARN_UNUSED_FUNCTION = YES;
				GCC_WARN_UNUSED_VARIABLE = YES;
				IPHONEOS_DEPLOYMENT_TARGET = 9.2;
				MTL_ENABLE_DEBUG_INFO = NO;
				SDKROOT = iphoneos;
				VALIDATE_PRODUCT = YES;
			};
			name = Release;
		};
		09A85FDF1CA473FB00C7F3C8 /* Debug */ = {
			isa = XCBuildConfiguration;
			buildSettings = {
				ASSETCATALOG_COMPILER_APPICON_NAME = AppIcon;
				CODE_SIGN_IDENTITY = "iPhone Developer";
				INFOPLIST_FILE = "$(SRCROOT)/support/Info.plist";
				LD_RUNPATH_SEARCH_PATHS = "$(inherited) @executable_path/Frameworks";
				PRODUCT_BUNDLE_IDENTIFIER = Donovan.Zonk;
				PRODUCT_NAME = Zonk;
			};
			name = Debug;
		};
		09A85FE01CA473FB00C7F3C8 /* Release */ = {
			isa = XCBuildConfiguration;
			buildSettings = {
				ASSETCATALOG_COMPILER_APPICON_NAME = AppIcon;
				CODE_SIGN_IDENTITY = "iPhone Developer";
				INFOPLIST_FILE = "$(SRCROOT)/support/Info.plist";
				LD_RUNPATH_SEARCH_PATHS = "$(inherited) @executable_path/Frameworks";
				PRODUCT_BUNDLE_IDENTIFIER = Donovan.Zonk;
				PRODUCT_NAME = Zonk;
			};
			name = Release;
		};
		68AA66891CA743610010D421 /* Debug */ = {
			isa = XCBuildConfiguration;
			buildSettings = {
				CLANG_ANALYZER_NONNULL = YES;
				INFOPLIST_FILE = ZonkTests/Info.plist;
				IPHONEOS_DEPLOYMENT_TARGET = 9.3;
				LD_RUNPATH_SEARCH_PATHS = "$(inherited) @executable_path/Frameworks @loader_path/Frameworks";
				PRODUCT_BUNDLE_IDENTIFIER = com.idrisr.ZonkTests;
				PRODUCT_NAME = Zonk;
			};
			name = Debug;
		};
		68AA668A1CA743610010D421 /* Release */ = {
			isa = XCBuildConfiguration;
			buildSettings = {
				CLANG_ANALYZER_NONNULL = YES;
				INFOPLIST_FILE = ZonkTests/Info.plist;
				IPHONEOS_DEPLOYMENT_TARGET = 9.3;
				LD_RUNPATH_SEARCH_PATHS = "$(inherited) @executable_path/Frameworks @loader_path/Frameworks";
				PRODUCT_BUNDLE_IDENTIFIER = com.idrisr.ZonkTests;
				PRODUCT_NAME = Zonk;
			};
			name = Release;
		};
/* End XCBuildConfiguration section */

/* Begin XCConfigurationList section */
		09A85FC21CA473FB00C7F3C8 /* Build configuration list for PBXProject "Zonk" */ = {
			isa = XCConfigurationList;
			buildConfigurations = (
				09A85FDC1CA473FB00C7F3C8 /* Debug */,
				09A85FDD1CA473FB00C7F3C8 /* Release */,
			);
			defaultConfigurationIsVisible = 0;
			defaultConfigurationName = Release;
		};
		09A85FDE1CA473FB00C7F3C8 /* Build configuration list for PBXNativeTarget "Zonk" */ = {
			isa = XCConfigurationList;
			buildConfigurations = (
				09A85FDF1CA473FB00C7F3C8 /* Debug */,
				09A85FE01CA473FB00C7F3C8 /* Release */,
			);
			defaultConfigurationIsVisible = 0;
			defaultConfigurationName = Release;
		};
		68AA66881CA743610010D421 /* Build configuration list for PBXNativeTarget "ZonkTests" */ = {
			isa = XCConfigurationList;
			buildConfigurations = (
				68AA66891CA743610010D421 /* Debug */,
				68AA668A1CA743610010D421 /* Release */,
			);
			defaultConfigurationIsVisible = 0;
			defaultConfigurationName = Release;
		};
/* End XCConfigurationList section */
	};
	rootObject = 09A85FBF1CA473FB00C7F3C8 /* Project object */;
}
